
Microsoft Visual Studio Solution File, Format Version 12.00
# Visual Studio Version 17
VisualStudioVersion = 17.8.34525.116
MinimumVisualStudioVersion = 10.0.40219.1
Project("{FAE04EC0-301F-11D3-BF4B-00C04F79EFBC}") = "Group18_Assignment11", "Group18_Assignment11\Group18_Assignment11.csproj", "{BCB7A20D-EA7E-4E87-9321-4EF01785A62F}"
EndProject
Global
	GlobalSection(SolutionConfigurationPlatforms) = preSolution
		Debug|Any CPU = Debug|Any CPU
		Release|Any CPU = Release|Any CPU
	EndGlobalSection
	GlobalSection(ProjectConfigurationPlatforms) = postSolution
		{BCB7A20D-EA7E-4E87-9321-4EF01785A62F}.Debug|Any CPU.ActiveCfg = Debug|Any CPU
		{BCB7A20D-EA7E-4E87-9321-4EF01785A62F}.Debug|Any CPU.Build.0 = Debug|Any CPU
		{BCB7A20D-EA7E-4E87-9321-4EF01785A62F}.Release|Any CPU.ActiveCfg = Release|Any CPU
		{BCB7A20D-EA7E-4E87-9321-4EF01785A62F}.Release|Any CPU.Build.0 = Release|Any CPU
	EndGlobalSection
	GlobalSection(SolutionProperties) = preSolution
		HideSolutionNode = FALSE
	EndGlobalSection
	GlobalSection(ExtensibilityGlobals) = postSolution
		SolutionGuid = {3205008C-FC9E-48C7-B770-D68A5880BAAA}
	EndGlobalSection
EndGlobal
